// !$*UTF8*$!
{
	archiveVersion = 1;
	classes = {
	};
	objectVersion = 60;
	objects = {

/* Begin PBXBuildFile section */
		05913B87B18360AF583623ED /* PrivacyInfo.xcprivacy in Resources */ = {isa = PBXBuildFile; fileRef = 9B985BD79A7D2983D60E5E5A /* PrivacyInfo.xcprivacy */; };
		0E91ED6632454A578EE1F04D /* Components.swift in Sources */ = {isa = PBXBuildFile; fileRef = 40AEBFFBDDE847C4A5C225B5 /* Components.swift */; };
		184A33BE966D40AC984D48F9 /* TrainingRole.swift in Sources */ = {isa = PBXBuildFile; fileRef = E0C3EDD2069644FCA0930019 /* TrainingRole.swift */; };
		1D415B7895434BCF904189C3 /* AppFeedback.swift in Sources */ = {isa = PBXBuildFile; fileRef = 23300B9FDEF1494197E818B3 /* AppFeedback.swift */; };
		315750AB112441B1BEC0399C /* QuizFlowView.swift in Sources */ = {isa = PBXBuildFile; fileRef = 32BAAD5C65C74C7C981FD78C /* QuizFlowView.swift */; };
		B22DD4668CAF5B8E9F723451 /* AccessibilityCopy.swift in Sources */ = {isa = PBXBuildFile; fileRef = A11CC3557B9E4A7D8F612340 /* AccessibilityCopy.swift */; };
		341C4143A1854184A3CE936A /* RoleSelectionView.swift in Sources */ = {isa = PBXBuildFile; fileRef = 2B40D56892E1473CAECAC983 /* RoleSelectionView.swift */; };
		361FFA23D609407A81CF69EA /* LessonPagerView.swift in Sources */ = {isa = PBXBuildFile; fileRef = 2E5F88832E9C485CAD594876 /* LessonPagerView.swift */; };
		385B0547EA624ED4980254F0 /* InspectorTrainerApp.swift in Sources */ = {isa = PBXBuildFile; fileRef = 6F24684BB97641B9BDE038CA /* InspectorTrainerApp.swift */; };
		3E4AB0E655E94B92BBFC3B33 /* BackgroundView.swift in Sources */ = {isa = PBXBuildFile; fileRef = 19302FDEB72143C5A663AE4E /* BackgroundView.swift */; };
		3F977012712F1F26857E1093 /* MatchingGameView.swift in Sources */ = {isa = PBXBuildFile; fileRef = 73524C141A3F5AB2EFF99FE1 /* MatchingGameView.swift */; };
		577F87A126C14A529F911618 /* ModuleListView.swift in Sources */ = {isa = PBXBuildFile; fileRef = 7F4C994046BF462DB2E96042 /* ModuleListView.swift */; };
		67F52C395D294862B5195B86 /* ModuleFlowView.swift in Sources */ = {isa = PBXBuildFile; fileRef = 072153175F864C95A13A7416 /* ModuleFlowView.swift */; };
		6C6B0D3C69F343BC86E71433 /* TrainingRole+Content.swift in Sources */ = {isa = PBXBuildFile; fileRef = 92ACBA60D36B4E208BEAA126 /* TrainingRole+Content.swift */; };
		70C498755F3A439EA025734C /* ProgressStore.swift in Sources */ = {isa = PBXBuildFile; fileRef = 534B8049CF904994B419DE7D /* ProgressStore.swift */; };
		77E68A4D6BE343DEA732A3B1 /* SourcesView.swift in Sources */ = {isa = PBXBuildFile; fileRef = 8B61CBA9B08E4B2C90ECD50B /* SourcesView.swift */; };
		7EE70027C2504F5DACDF4651 /* PracticeGamesView.swift in Sources */ = {isa = PBXBuildFile; fileRef = 76BB159C4A5742E59988F9D4 /* PracticeGamesView.swift */; };
		9C9CB5AC29954FB895B07BB2 /* Assets.xcassets in Resources */ = {isa = PBXBuildFile; fileRef = FF93D66C48034BC686CED02F /* Assets.xcassets */; };
		9CC3563F2CFB4938A4AECC07 /* AppTheme.swift in Sources */ = {isa = PBXBuildFile; fileRef = 5D6583B73C5E4CA089EA252A /* AppTheme.swift */; };
		A4D8E8B91F234C5AA7B81234 /* AdaptiveDifficultyManager.swift in Sources */ = {isa = PBXBuildFile; fileRef = B3F9C0D21A3344558899AABB /* AdaptiveDifficultyManager.swift */; };
		B444DF1BB0EC4341AA079060 /* PracticeContent.swift in Sources */ = {isa = PBXBuildFile; fileRef = 5F897A880F5B4B02A81A8BDE /* PracticeContent.swift */; };
		BCCA7070DA45411BAD68AD85 /* HomeView.swift in Sources */ = {isa = PBXBuildFile; fileRef = D84B5E74DAD64241A4C71C85 /* HomeView.swift */; };
		C3400AE4C88A49E5A170110C /* TrainingModels.swift in Sources */ = {isa = PBXBuildFile; fileRef = 0F087354F1FB468AB89CEEBD /* TrainingModels.swift */; };
		C4E5F60718293A4B5C6D7E8F /* AdaptiveDifficultyManagerTests.swift in Sources */ = {isa = PBXBuildFile; fileRef = D5A6B7C8D9E0F11223344556 /* AdaptiveDifficultyManagerTests.swift */; };
		C527BCED10134641B7604DCB /* ScenarioFlowView.swift in Sources */ = {isa = PBXBuildFile; fileRef = 7A8D35E4CCC1487EAF35202A /* ScenarioFlowView.swift */; };
		C67DC6A217DA4697B1D7A8AA /* TrainingContent.swift in Sources */ = {isa = PBXBuildFile; fileRef = 8BAAC854C3FE4083A46821F8 /* TrainingContent.swift */; };
		CAA3AFB3F017458E9211BA50 /* QuizBank.swift in Sources */ = {isa = PBXBuildFile; fileRef = A561485258DE42A4B11F142F /* QuizBank.swift */; };
		D271356E9D7A459D9853776E /* RootView.swift in Sources */ = {isa = PBXBuildFile; fileRef = F4A9ACDCBD6747A99BC0D4B1 /* RootView.swift */; };
		D42EA7CFC48D481BA32AF055 /* ProgressDashboardView.swift in Sources */ = {isa = PBXBuildFile; fileRef = CBA413EE88AF47A68BE9CA46 /* ProgressDashboardView.swift */; };
		D9B3C1AD08F942C0BAAF87D9 /* ModuleDetailView.swift in Sources */ = {isa = PBXBuildFile; fileRef = B82A650A0B65431196F5A0F8 /* ModuleDetailView.swift */; };
		DCBA978527A74611BF0C7D6A /* ToolsView.swift in Sources */ = {isa = PBXBuildFile; fileRef = 1B55B06176264F239FEAABC9 /* ToolsView.swift */; };
		D44FF688AEC17DA0B1945673 /* TrainingContentIntegrityTests.swift in Sources */ = {isa = PBXBuildFile; fileRef = C33EE5779DB06C9FA0834562 /* TrainingContentIntegrityTests.swift */; };
		E1FFCA2A98184C7DA61D1BFBEFAC71DD /* ProgressStoreTests.swift in Sources */ = {isa = PBXBuildFile; fileRef = AC3C1F7388CF4E83A784B145B4C85FFB /* ProgressStoreTests.swift */; };
		E2C9A3B4F5D6A7B8C9D0E1F2 /* PracticeSessionView.swift in Sources */ = {isa = PBXBuildFile; fileRef = F1E2D3C4B5A69788796A5B4C /* PracticeSessionView.swift */; };
/* End PBXBuildFile section */

/* Begin PBXContainerItemProxy section */
		52CE497420DC4C93975D2D712DBC867D /* PBXContainerItemProxy */ = {
			isa = PBXContainerItemProxy;
			containerPortal = 95B39E2595954573BF1B2650 /* Project object */;
			proxyType = 1;
			remoteGlobalIDString = EBB4F50E21FC4E5D918D0003;
			remoteInfo = "1S0 Inspector Trainer";
		};
/* End PBXContainerItemProxy section */

/* Begin PBXFileReference section */
		0468BD1193644207B5426AC2 /* Info.plist */ = {isa = PBXFileReference; lastKnownFileType = text.plist.xml; path = Info.plist; sourceTree = "<group>"; };
		072153175F864C95A13A7416 /* ModuleFlowView.swift */ = {isa = PBXFileReference; lastKnownFileType = sourcecode.swift; path = ModuleFlowView.swift; sourceTree = "<group>"; };
		0F087354F1FB468AB89CEEBD /* TrainingModels.swift */ = {isa = PBXFileReference; lastKnownFileType = sourcecode.swift; path = TrainingModels.swift; sourceTree = "<group>"; };
		19302FDEB72143C5A663AE4E /* BackgroundView.swift */ = {isa = PBXFileReference; lastKnownFileType = sourcecode.swift; path = BackgroundView.swift; sourceTree = "<group>"; };
		1B55B06176264F239FEAABC9 /* ToolsView.swift */ = {isa = PBXFileReference; lastKnownFileType = sourcecode.swift; path = ToolsView.swift; sourceTree = "<group>"; };
		23300B9FDEF1494197E818B3 /* AppFeedback.swift */ = {isa = PBXFileReference; lastKnownFileType = sourcecode.swift; path = AppFeedback.swift; sourceTree = "<group>"; };
		2B40D56892E1473CAECAC983 /* RoleSelectionView.swift */ = {isa = PBXFileReference; lastKnownFileType = sourcecode.swift; path = RoleSelectionView.swift; sourceTree = "<group>"; };
		2E5F88832E9C485CAD594876 /* LessonPagerView.swift */ = {isa = PBXFileReference; lastKnownFileType = sourcecode.swift; path = LessonPagerView.swift; sourceTree = "<group>"; };
		32BAAD5C65C74C7C981FD78C /* QuizFlowView.swift */ = {isa = PBXFileReference; lastKnownFileType = sourcecode.swift; path = QuizFlowView.swift; sourceTree = "<group>"; };
		A11CC3557B9E4A7D8F612340 /* AccessibilityCopy.swift */ = {isa = PBXFileReference; lastKnownFileType = sourcecode.swift; path = AccessibilityCopy.swift; sourceTree = "<group>"; };
		40AEBFFBDDE847C4A5C225B5 /* Components.swift */ = {isa = PBXFileReference; lastKnownFileType = sourcecode.swift; path = Components.swift; sourceTree = "<group>"; };
		534B8049CF904994B419DE7D /* ProgressStore.swift */ = {isa = PBXFileReference; lastKnownFileType = sourcecode.swift; path = ProgressStore.swift; sourceTree = "<group>"; };
		5D6583B73C5E4CA089EA252A /* AppTheme.swift */ = {isa = PBXFileReference; lastKnownFileType = sourcecode.swift; path = AppTheme.swift; sourceTree = "<group>"; };
		5F897A880F5B4B02A81A8BDE /* PracticeContent.swift */ = {isa = PBXFileReference; lastKnownFileType = sourcecode.swift; path = PracticeContent.swift; sourceTree = "<group>"; };
		6F24684BB97641B9BDE038CA /* InspectorTrainerApp.swift */ = {isa = PBXFileReference; lastKnownFileType = sourcecode.swift; path = InspectorTrainerApp.swift; sourceTree = "<group>"; };
		73524C141A3F5AB2EFF99FE1 /* MatchingGameView.swift */ = {isa = PBXFileReference; lastKnownFileType = sourcecode.swift; path = MatchingGameView.swift; sourceTree = "<group>"; };
		745F612C42314496B474DCAD3B30A012 /* 1S0 Inspector TrainerTests.xctest */ = {isa = PBXFileReference; explicitFileType = wrapper.cfbundle; path = "1S0 Inspector TrainerTests.xctest"; sourceTree = BUILT_PRODUCTS_DIR; };
		76BB159C4A5742E59988F9D4 /* PracticeGamesView.swift */ = {isa = PBXFileReference; lastKnownFileType = sourcecode.swift; path = PracticeGamesView.swift; sourceTree = "<group>"; };
		7A8D35E4CCC1487EAF35202A /* ScenarioFlowView.swift */ = {isa = PBXFileReference; lastKnownFileType = sourcecode.swift; path = ScenarioFlowView.swift; sourceTree = "<group>"; };
		7F4C994046BF462DB2E96042 /* ModuleListView.swift */ = {isa = PBXFileReference; lastKnownFileType = sourcecode.swift; path = ModuleListView.swift; sourceTree = "<group>"; };
		8B61CBA9B08E4B2C90ECD50B /* SourcesView.swift */ = {isa = PBXFileReference; lastKnownFileType = sourcecode.swift; path = SourcesView.swift; sourceTree = "<group>"; };
		8BAAC854C3FE4083A46821F8 /* TrainingContent.swift */ = {isa = PBXFileReference; lastKnownFileType = sourcecode.swift; path = TrainingContent.swift; sourceTree = "<group>"; };
		92ACBA60D36B4E208BEAA126 /* TrainingRole+Content.swift */ = {isa = PBXFileReference; lastKnownFileType = sourcecode.swift; path = "TrainingRole+Content.swift"; sourceTree = "<group>"; };
		9B985BD79A7D2983D60E5E5A /* PrivacyInfo.xcprivacy */ = {isa = PBXFileReference; lastKnownFileType = text.xml; path = PrivacyInfo.xcprivacy; sourceTree = "<group>"; };
		A561485258DE42A4B11F142F /* QuizBank.swift */ = {isa = PBXFileReference; lastKnownFileType = sourcecode.swift; path = QuizBank.swift; sourceTree = "<group>"; };
		AC3C1F7388CF4E83A784B145B4C85FFB /* ProgressStoreTests.swift */ = {isa = PBXFileReference; lastKnownFileType = sourcecode.swift; path = ProgressStoreTests.swift; sourceTree = "<group>"; };
		B3F9C0D21A3344558899AABB /* AdaptiveDifficultyManager.swift */ = {isa = PBXFileReference; lastKnownFileType = sourcecode.swift; path = AdaptiveDifficultyManager.swift; sourceTree = "<group>"; };
		B82A650A0B65431196F5A0F8 /* ModuleDetailView.swift */ = {isa = PBXFileReference; lastKnownFileType = sourcecode.swift; path = ModuleDetailView.swift; sourceTree = "<group>"; };
		C506A214268B476AB97AFCF9 /* 1S0 Inspector Trainer.app */ = {isa = PBXFileReference; explicitFileType = wrapper.application; path = "1S0 Inspector Trainer.app"; sourceTree = BUILT_PRODUCTS_DIR; };
		CBA413EE88AF47A68BE9CA46 /* ProgressDashboardView.swift */ = {isa = PBXFileReference; lastKnownFileType = sourcecode.swift; path = ProgressDashboardView.swift; sourceTree = "<group>"; };
		C33EE5779DB06C9FA0834562 /* TrainingContentIntegrityTests.swift */ = {isa = PBXFileReference; lastKnownFileType = sourcecode.swift; path = TrainingContentIntegrityTests.swift; sourceTree = "<group>"; };
		D5A6B7C8D9E0F11223344556 /* AdaptiveDifficultyManagerTests.swift */ = {isa = PBXFileReference; lastKnownFileType = sourcecode.swift; path = AdaptiveDifficultyManagerTests.swift; sourceTree = "<group>"; };
		D84B5E74DAD64241A4C71C85 /* HomeView.swift */ = {isa = PBXFileReference; lastKnownFileType = sourcecode.swift; path = HomeView.swift; sourceTree = "<group>"; };
		E0C3EDD2069644FCA0930019 /* TrainingRole.swift */ = {isa = PBXFileReference; lastKnownFileType = sourcecode.swift; path = TrainingRole.swift; sourceTree = "<group>"; };
		F1E2D3C4B5A69788796A5B4C /* PracticeSessionView.swift */ = {isa = PBXFileReference; lastKnownFileType = sourcecode.swift; path = PracticeSessionView.swift; sourceTree = "<group>"; };
		F4A9ACDCBD6747A99BC0D4B1 /* RootView.swift */ = {isa = PBXFileReference; lastKnownFileType = sourcecode.swift; path = RootView.swift; sourceTree = "<group>"; };
		FF93D66C48034BC686CED02F /* Assets.xcassets */ = {isa = PBXFileReference; lastKnownFileType = folder.assetcatalog; path = Assets.xcassets; sourceTree = "<group>"; };
/* End PBXFileReference section */

/* Begin PBXFrameworksBuildPhase section */
		7774D923742E48DFB6B11FA63BDE9238 /* Frameworks */ = {
			isa = PBXFrameworksBuildPhase;
			buildActionMask = 2147483647;
			files = (
			);
			runOnlyForDeploymentPostprocessing = 0;
		};
		C855255D97F44A78AA6E81D6 /* Frameworks */ = {
			isa = PBXFrameworksBuildPhase;
			buildActionMask = 2147483647;
			files = (
			);
			runOnlyForDeploymentPostprocessing = 0;
		};
/* End PBXFrameworksBuildPhase section */

/* Begin PBXGroup section */
		104EAB322CA54DCF95BC57E0 /* App */ = {
			isa = PBXGroup;
			children = (
				6F24684BB97641B9BDE038CA /* InspectorTrainerApp.swift */,
			);
			path = App;
			sourceTree = "<group>";
		};
		2A26C8A311474A2881B559F9D3F1501B /* 1S0 Inspector TrainerTests */ = {
			isa = PBXGroup;
			children = (
				D5A6B7C8D9E0F11223344556 /* AdaptiveDifficultyManagerTests.swift */,
				AC3C1F7388CF4E83A784B145B4C85FFB /* ProgressStoreTests.swift */,
				C33EE5779DB06C9FA0834562 /* TrainingContentIntegrityTests.swift */,
			);
			path = "1S0 Inspector TrainerTests";
			sourceTree = "<group>";
		};
		39EFCE7531DD4B2190B0B359 /* Resources */ = {
			isa = PBXGroup;
			children = (
				FF93D66C48034BC686CED02F /* Assets.xcassets */,
				0468BD1193644207B5426AC2 /* Info.plist */,
				9B985BD79A7D2983D60E5E5A /* PrivacyInfo.xcprivacy */,
			);
			path = Resources;
			sourceTree = "<group>";
		};
		3C642D13FB8F405FAE878EF0 /* 1S0 Inspector Trainer */ = {
			isa = PBXGroup;
			children = (
				104EAB322CA54DCF95BC57E0 /* App */,
				F8244479B7E84984BA1665CB /* Models */,
				A68CB731C9B34082B43DDC93 /* Views */,
				39EFCE7531DD4B2190B0B359 /* Resources */,
			);
			path = "1S0 Inspector Trainer";
			sourceTree = "<group>";
		};
		80242FCCE50E4387A7C830B9 = {
			isa = PBXGroup;
			children = (
				C506A214268B476AB97AFCF9 /* 1S0 Inspector Trainer.app */,
				745F612C42314496B474DCAD3B30A012 /* 1S0 Inspector TrainerTests.xctest */,
			);
			sourceTree = "<group>";
		};
		A68CB731C9B34082B43DDC93 /* Views */ = {
			isa = PBXGroup;
			children = (
				A11CC3557B9E4A7D8F612340 /* AccessibilityCopy.swift */,
				5D6583B73C5E4CA089EA252A /* AppTheme.swift */,
				19302FDEB72143C5A663AE4E /* BackgroundView.swift */,
				40AEBFFBDDE847C4A5C225B5 /* Components.swift */,
				D84B5E74DAD64241A4C71C85 /* HomeView.swift */,
				2E5F88832E9C485CAD594876 /* LessonPagerView.swift */,
				73524C141A3F5AB2EFF99FE1 /* MatchingGameView.swift */,
				B82A650A0B65431196F5A0F8 /* ModuleDetailView.swift */,
				072153175F864C95A13A7416 /* ModuleFlowView.swift */,
				7F4C994046BF462DB2E96042 /* ModuleListView.swift */,
				CBA413EE88AF47A68BE9CA46 /* ProgressDashboardView.swift */,
				32BAAD5C65C74C7C981FD78C /* QuizFlowView.swift */,
				F1E2D3C4B5A69788796A5B4C /* PracticeSessionView.swift */,
				76BB159C4A5742E59988F9D4 /* PracticeGamesView.swift */,
				2B40D56892E1473CAECAC983 /* RoleSelectionView.swift */,
				F4A9ACDCBD6747A99BC0D4B1 /* RootView.swift */,
				7A8D35E4CCC1487EAF35202A /* ScenarioFlowView.swift */,
				8B61CBA9B08E4B2C90ECD50B /* SourcesView.swift */,
				1B55B06176264F239FEAABC9 /* ToolsView.swift */,
			);
			path = Views;
			sourceTree = "<group>";
		};
		C15083C0F3D94AE09873BD8B = {
			isa = PBXGroup;
			children = (
				3C642D13FB8F405FAE878EF0 /* 1S0 Inspector Trainer */,
				2A26C8A311474A2881B559F9D3F1501B /* 1S0 Inspector TrainerTests */,
				80242FCCE50E4387A7C830B9,
			);
			sourceTree = "<group>";
		};
		F8244479B7E84984BA1665CB /* Models */ = {
			isa = PBXGroup;
			children = (
				23300B9FDEF1494197E818B3 /* AppFeedback.swift */,
				B3F9C0D21A3344558899AABB /* AdaptiveDifficultyManager.swift */,
				534B8049CF904994B419DE7D /* ProgressStore.swift */,
				A561485258DE42A4B11F142F /* QuizBank.swift */,
				5F897A880F5B4B02A81A8BDE /* PracticeContent.swift */,
				8BAAC854C3FE4083A46821F8 /* TrainingContent.swift */,
				92ACBA60D36B4E208BEAA126 /* TrainingRole+Content.swift */,
				E0C3EDD2069644FCA0930019 /* TrainingRole.swift */,
				0F087354F1FB468AB89CEEBD /* TrainingModels.swift */,
			);
			path = Models;
			sourceTree = "<group>";
		};
/* End PBXGroup section */

/* Begin PBXNativeTarget section */
		6B9DF976ADDB412281C53AAACD2F21B7 /* 1S0 Inspector TrainerTests */ = {
			isa = PBXNativeTarget;
			buildConfigurationList = 8AC8F0C403A54B098BB79B440A089255 /* Build configuration list for PBXNativeTarget "1S0 Inspector TrainerTests" */;
			buildPhases = (
				C3116512918F4FB68E27203BD0E6C557 /* Sources */,
				7774D923742E48DFB6B11FA63BDE9238 /* Frameworks */,
				859A19845C834A4B92A95EA0B0E00CB9 /* Resources */,
			);
			buildRules = (
			);
			dependencies = (
				A379C922698A4D34A1F6E3DC59F9572D /* PBXTargetDependency */,
			);
			name = "1S0 Inspector TrainerTests";
			productName = "1S0 Inspector TrainerTests";
			productReference = 745F612C42314496B474DCAD3B30A012 /* 1S0 Inspector TrainerTests.xctest */;
			productType = "com.apple.product-type.bundle.unit-test";
		};
		EBB4F50E21FC4E5D918D0003 /* 1S0 Inspector Trainer */ = {
			isa = PBXNativeTarget;
			buildConfigurationList = 177928223580487486D8EAD5 /* Build configuration list for PBXNativeTarget "1S0 Inspector Trainer" */;
			buildPhases = (
				ABBE7ABD78E84A50A3C3A40B /* Sources */,
				C855255D97F44A78AA6E81D6 /* Frameworks */,
				0D55537160C54AD0BD6E3C7C /* Resources */,
			);
			buildRules = (
			);
			dependencies = (
			);
			name = "1S0 Inspector Trainer";
			productName = "1S0 Inspector Trainer";
			productReference = C506A214268B476AB97AFCF9 /* 1S0 Inspector Trainer.app */;
			productType = "com.apple.product-type.application";
		};
/* End PBXNativeTarget section */

/* Begin PBXProject section */
		95B39E2595954573BF1B2650 /* Project object */ = {
			isa = PBXProject;
			attributes = {
				BuildIndependentTargetsInParallel = YES;
				LastUpgradeCheck = 2620;
				ORGANIZATIONNAME = "1S0 Inspector Trainer";
				TargetAttributes = {
					6B9DF976ADDB412281C53AAACD2F21B7 = {
						CreatedOnToolsVersion = 26.2;
						TestTargetID = EBB4F50E21FC4E5D918D0003;
					};
					EBB4F50E21FC4E5D918D0003 = {
						CreatedOnToolsVersion = 26.2;
					};
				};
			};
			buildConfigurationList = 64DFCE3369E740ABAEF505E2 /* Build configuration list for PBXProject "1S0 Inspector Trainer" */;
			compatibilityVersion = "Xcode 15.0";
			developmentRegion = en;
			hasScannedForEncodings = 0;
			knownRegions = (
				en,
				Base,
			);
			mainGroup = C15083C0F3D94AE09873BD8B;
			productRefGroup = 80242FCCE50E4387A7C830B9;
			projectDirPath = "";
			projectRoot = "";
			targets = (
				EBB4F50E21FC4E5D918D0003 /* 1S0 Inspector Trainer */,
				6B9DF976ADDB412281C53AAACD2F21B7 /* 1S0 Inspector TrainerTests */,
			);
		};
/* End PBXProject section */

/* Begin PBXResourcesBuildPhase section */
		0D55537160C54AD0BD6E3C7C /* Resources */ = {
			isa = PBXResourcesBuildPhase;
			buildActionMask = 2147483647;
			files = (
				9C9CB5AC29954FB895B07BB2 /* Assets.xcassets in Resources */,
				05913B87B18360AF583623ED /* PrivacyInfo.xcprivacy in Resources */,
			);
			runOnlyForDeploymentPostprocessing = 0;
		};
		859A19845C834A4B92A95EA0B0E00CB9 /* Resources */ = {
			isa = PBXResourcesBuildPhase;
			buildActionMask = 2147483647;
			files = (
			);
			runOnlyForDeploymentPostprocessing = 0;
		};
/* End PBXResourcesBuildPhase section */

/* Begin PBXSourcesBuildPhase section */
		ABBE7ABD78E84A50A3C3A40B /* Sources */ = {
			isa = PBXSourcesBuildPhase;
			buildActionMask = 2147483647;
			files = (
				385B0547EA624ED4980254F0 /* InspectorTrainerApp.swift in Sources */,
				B22DD4668CAF5B8E9F723451 /* AccessibilityCopy.swift in Sources */,
				1D415B7895434BCF904189C3 /* AppFeedback.swift in Sources */,
				A4D8E8B91F234C5AA7B81234 /* AdaptiveDifficultyManager.swift in Sources */,
				70C498755F3A439EA025734C /* ProgressStore.swift in Sources */,
				C67DC6A217DA4697B1D7A8AA /* TrainingContent.swift in Sources */,
				6C6B0D3C69F343BC86E71433 /* TrainingRole+Content.swift in Sources */,
				CAA3AFB3F017458E9211BA50 /* QuizBank.swift in Sources */,
				B444DF1BB0EC4341AA079060 /* PracticeContent.swift in Sources */,
				184A33BE966D40AC984D48F9 /* TrainingRole.swift in Sources */,
				C3400AE4C88A49E5A170110C /* TrainingModels.swift in Sources */,
				9CC3563F2CFB4938A4AECC07 /* AppTheme.swift in Sources */,
				3E4AB0E655E94B92BBFC3B33 /* BackgroundView.swift in Sources */,
				0E91ED6632454A578EE1F04D /* Components.swift in Sources */,
				BCCA7070DA45411BAD68AD85 /* HomeView.swift in Sources */,
				361FFA23D609407A81CF69EA /* LessonPagerView.swift in Sources */,
				3F977012712F1F26857E1093 /* MatchingGameView.swift in Sources */,
				7EE70027C2504F5DACDF4651 /* PracticeGamesView.swift in Sources */,
				D9B3C1AD08F942C0BAAF87D9 /* ModuleDetailView.swift in Sources */,
				67F52C395D294862B5195B86 /* ModuleFlowView.swift in Sources */,
				577F87A126C14A529F911618 /* ModuleListView.swift in Sources */,
				D42EA7CFC48D481BA32AF055 /* ProgressDashboardView.swift in Sources */,
				315750AB112441B1BEC0399C /* QuizFlowView.swift in Sources */,
				E2C9A3B4F5D6A7B8C9D0E1F2 /* PracticeSessionView.swift in Sources */,
				341C4143A1854184A3CE936A /* RoleSelectionView.swift in Sources */,
				D271356E9D7A459D9853776E /* RootView.swift in Sources */,
				C527BCED10134641B7604DCB /* ScenarioFlowView.swift in Sources */,
				77E68A4D6BE343DEA732A3B1 /* SourcesView.swift in Sources */,
				DCBA978527A74611BF0C7D6A /* ToolsView.swift in Sources */,
			);
			runOnlyForDeploymentPostprocessing = 0;
		};
		C3116512918F4FB68E27203BD0E6C557 /* Sources */ = {
			isa = PBXSourcesBuildPhase;
			buildActionMask = 2147483647;
			files = (
				D44FF688AEC17DA0B1945673 /* TrainingContentIntegrityTests.swift in Sources */,
				C4E5F60718293A4B5C6D7E8F /* AdaptiveDifficultyManagerTests.swift in Sources */,
				E1FFCA2A98184C7DA61D1BFBEFAC71DD /* ProgressStoreTests.swift in Sources */,
			);
			runOnlyForDeploymentPostprocessing = 0;
		};
/* End PBXSourcesBuildPhase section */

/* Begin PBXTargetDependency section */
		A379C922698A4D34A1F6E3DC59F9572D /* PBXTargetDependency */ = {
			isa = PBXTargetDependency;
			target = EBB4F50E21FC4E5D918D0003 /* 1S0 Inspector Trainer */;
			targetProxy = 52CE497420DC4C93975D2D712DBC867D /* PBXContainerItemProxy */;
		};
/* End PBXTargetDependency section */

/* Begin XCBuildConfiguration section */
		138E3FD2A8674A778A3C7A28 /* Debug */ = {
			isa = XCBuildConfiguration;
			buildSettings = {
				ALWAYS_SEARCH_USER_PATHS = NO;
				CLANG_ENABLE_MODULES = YES;
				CLANG_ENABLE_OBJC_ARC = YES;
				CLANG_WARN_BLOCK_CAPTURE_AUTORELEASING = YES;
				CLANG_WARN_BOOL_CONVERSION = YES;
				CLANG_WARN_COMMA = YES;
				CLANG_WARN_CONSTANT_CONVERSION = YES;
				CLANG_WARN_DEPRECATED_OBJC_IMPLEMENTATIONS = YES;
				CLANG_WARN_EMPTY_BODY = YES;
				CLANG_WARN_ENUM_CONVERSION = YES;
				CLANG_WARN_INFINITE_RECURSION = YES;
				CLANG_WARN_INT_CONVERSION = YES;
				CLANG_WARN_NON_LITERAL_NULL_CONVERSION = YES;
				CLANG_WARN_OBJC_IMPLICIT_RETAIN_SELF = YES;
				CLANG_WARN_OBJC_LITERAL_CONVERSION = YES;
				CLANG_WARN_QUOTED_INCLUDE_IN_FRAMEWORK_HEADER = YES;
				CLANG_WARN_RANGE_LOOP_ANALYSIS = YES;
				CLANG_WARN_STRICT_PROTOTYPES = YES;
				CLANG_WARN_SUSPICIOUS_MOVE = YES;
				CLANG_WARN_UNREACHABLE_CODE = YES;
				CLANG_WARN__DUPLICATE_METHOD_MATCH = YES;
				DEVELOPMENT_TEAM = MM76BGJBJR;
				ENABLE_STRICT_OBJC_MSGSEND = YES;
				ENABLE_TESTABILITY = YES;
				ENABLE_USER_SCRIPT_SANDBOXING = YES;
				GCC_C_LANGUAGE_STANDARD = gnu11;
				GCC_NO_COMMON_BLOCKS = YES;
				GCC_WARN_64_TO_32_BIT_CONVERSION = YES;
				GCC_WARN_ABOUT_RETURN_TYPE = YES;
				GCC_WARN_UNDECLARED_SELECTOR = YES;
				GCC_WARN_UNINITIALIZED_AUTOS = YES;
				GCC_WARN_UNUSED_FUNCTION = YES;
				GCC_WARN_UNUSED_VARIABLE = YES;
				IPHONEOS_DEPLOYMENT_TARGET = 17.0;
				ONLY_ACTIVE_ARCH = YES;
				SDKROOT = iphoneos;
				STRING_CATALOG_GENERATE_SYMBOLS = YES;
				SWIFT_VERSION = 5.0;
			};
			name = Debug;
		};
		1A9426F6DF7F4717AE1CECAD /* Release */ = {
			isa = XCBuildConfiguration;
			buildSettings = {
				ASSETCATALOG_COMPILER_APPICON_NAME = AppIcon;
				ASSETCATALOG_COMPILER_GLOBAL_ACCENT_COLOR_NAME = AccentColor;
				CODE_SIGN_STYLE = Automatic;
				CURRENT_PROJECT_VERSION = 1;
				INFOPLIST_FILE = "1S0 Inspector Trainer/Resources/Info.plist";
				INFOPLIST_KEY_CFBundleDisplayName = "1S0 Inspector Trainer";
				INFOPLIST_KEY_LSApplicationCategoryType = "public.app-category.education";
				IPHONEOS_DEPLOYMENT_TARGET = 17.0;
				LD_RUNPATH_SEARCH_PATHS = (
					"$(inherited)",
					"@executable_path/Frameworks",
				);
				MARKETING_VERSION = 1.1.4;
				PRODUCT_BUNDLE_IDENTIFIER = "com.abdoulbah.1s0-inspector-trainer";
				PRODUCT_NAME = "$(TARGET_NAME)";
				SWIFT_VERSION = 5.0;
				TARGETED_DEVICE_FAMILY = "1,2";
			};
			name = Release;
		};
		5FCA106D7D0445B39A0A7246 /* Debug */ = {
			isa = XCBuildConfiguration;
			buildSettings = {
				ASSETCATALOG_COMPILER_APPICON_NAME = AppIcon;
				ASSETCATALOG_COMPILER_GLOBAL_ACCENT_COLOR_NAME = AccentColor;
				CODE_SIGN_STYLE = Automatic;
				CURRENT_PROJECT_VERSION = 1;
				INFOPLIST_FILE = "1S0 Inspector Trainer/Resources/Info.plist";
				INFOPLIST_KEY_CFBundleDisplayName = "1S0 Inspector Trainer";
				INFOPLIST_KEY_LSApplicationCategoryType = "public.app-category.education";
				IPHONEOS_DEPLOYMENT_TARGET = 17.0;
				LD_RUNPATH_SEARCH_PATHS = (
					"$(inherited)",
					"@executable_path/Frameworks",
				);
				MARKETING_VERSION = 1.1.4;
				PRODUCT_BUNDLE_IDENTIFIER = "com.abdoulbah.1s0-inspector-trainer";
				PRODUCT_NAME = "$(TARGET_NAME)";
				SWIFT_ACTIVE_COMPILATION_CONDITIONS = DEBUG;
				SWIFT_VERSION = 5.0;
				TARGETED_DEVICE_FAMILY = "1,2";
			};
			name = Debug;
		};
		7A0D8FB42D1242F6B4BE1886 /* Release */ = {
			isa = XCBuildConfiguration;
			buildSettings = {
				ALWAYS_SEARCH_USER_PATHS = NO;
				CLANG_ENABLE_MODULES = YES;
				CLANG_ENABLE_OBJC_ARC = YES;
				CLANG_WARN_BLOCK_CAPTURE_AUTORELEASING = YES;
				CLANG_WARN_BOOL_CONVERSION = YES;
				CLANG_WARN_COMMA = YES;
				CLANG_WARN_CONSTANT_CONVERSION = YES;
				CLANG_WARN_DEPRECATED_OBJC_IMPLEMENTATIONS = YES;
				CLANG_WARN_EMPTY_BODY = YES;
				CLANG_WARN_ENUM_CONVERSION = YES;
				CLANG_WARN_INFINITE_RECURSION = YES;
				CLANG_WARN_INT_CONVERSION = YES;
				CLANG_WARN_NON_LITERAL_NULL_CONVERSION = YES;
				CLANG_WARN_OBJC_IMPLICIT_RETAIN_SELF = YES;
				CLANG_WARN_OBJC_LITERAL_CONVERSION = YES;
				CLANG_WARN_QUOTED_INCLUDE_IN_FRAMEWORK_HEADER = YES;
				CLANG_WARN_RANGE_LOOP_ANALYSIS = YES;
				CLANG_WARN_STRICT_PROTOTYPES = YES;
				CLANG_WARN_SUSPICIOUS_MOVE = YES;
				CLANG_WARN_UNREACHABLE_CODE = YES;
				CLANG_WARN__DUPLICATE_METHOD_MATCH = YES;
				DEVELOPMENT_TEAM = MM76BGJBJR;
				ENABLE_STRICT_OBJC_MSGSEND = YES;
				ENABLE_USER_SCRIPT_SANDBOXING = YES;
				GCC_C_LANGUAGE_STANDARD = gnu11;
				GCC_NO_COMMON_BLOCKS = YES;
				GCC_WARN_64_TO_32_BIT_CONVERSION = YES;
				GCC_WARN_ABOUT_RETURN_TYPE = YES;
				GCC_WARN_UNDECLARED_SELECTOR = YES;
				GCC_WARN_UNINITIALIZED_AUTOS = YES;
				GCC_WARN_UNUSED_FUNCTION = YES;
				GCC_WARN_UNUSED_VARIABLE = YES;
				IPHONEOS_DEPLOYMENT_TARGET = 17.0;
				SDKROOT = iphoneos;
				STRING_CATALOG_GENERATE_SYMBOLS = YES;
				SWIFT_COMPILATION_MODE = wholemodule;
				SWIFT_VERSION = 5.0;
			};
			name = Release;
		};
		98641C2417C04263868987EBA4B64E5E /* Debug */ = {
			isa = XCBuildConfiguration;
			buildSettings = {
				BUNDLE_LOADER = "$(TEST_HOST)";
				GENERATE_INFOPLIST_FILE = YES;
				IPHONEOS_DEPLOYMENT_TARGET = 17.0;
				LD_RUNPATH_SEARCH_PATHS = (
					"$(inherited)",
					"@executable_path/Frameworks",
				);
				PRODUCT_BUNDLE_IDENTIFIER = "com.abdoulbah.1s0-inspector-trainerTests";
				PRODUCT_NAME = "$(TARGET_NAME)";
				SWIFT_VERSION = 5.0;
				TEST_HOST = "$(BUILT_PRODUCTS_DIR)/1S0 Inspector Trainer.app/1S0 Inspector Trainer";
			};
			name = Debug;
		};
		9E711167026E46FF8F2EB4C363172410 /* Release */ = {
			isa = XCBuildConfiguration;
			buildSettings = {
				BUNDLE_LOADER = "$(TEST_HOST)";
				GENERATE_INFOPLIST_FILE = YES;
				IPHONEOS_DEPLOYMENT_TARGET = 17.0;
				LD_RUNPATH_SEARCH_PATHS = (
					"$(inherited)",
					"@executable_path/Frameworks",
				);
				PRODUCT_BUNDLE_IDENTIFIER = "com.abdoulbah.1s0-inspector-trainerTests";
				PRODUCT_NAME = "$(TARGET_NAME)";
				SWIFT_VERSION = 5.0;
				TEST_HOST = "$(BUILT_PRODUCTS_DIR)/1S0 Inspector Trainer.app/1S0 Inspector Trainer";
			};
			name = Release;
		};
/* End XCBuildConfiguration section */

/* Begin XCConfigurationList section */
		177928223580487486D8EAD5 /* Build configuration list for PBXNativeTarget "1S0 Inspector Trainer" */ = {
			isa = XCConfigurationList;
			buildConfigurations = (
				5FCA106D7D0445B39A0A7246 /* Debug */,
				1A9426F6DF7F4717AE1CECAD /* Release */,
			);
			defaultConfigurationIsVisible = 0;
			defaultConfigurationName = Release;
		};
		64DFCE3369E740ABAEF505E2 /* Build configuration list for PBXProject "1S0 Inspector Trainer" */ = {
			isa = XCConfigurationList;
			buildConfigurations = (
				138E3FD2A8674A778A3C7A28 /* Debug */,
				7A0D8FB42D1242F6B4BE1886 /* Release */,
			);
			defaultConfigurationIsVisible = 0;
			defaultConfigurationName = Release;
		};
		8AC8F0C403A54B098BB79B440A089255 /* Build configuration list for PBXNativeTarget "1S0 Inspector TrainerTests" */ = {
			isa = XCConfigurationList;
			buildConfigurations = (
				98641C2417C04263868987EBA4B64E5E /* Debug */,
				9E711167026E46FF8F2EB4C363172410 /* Release */,
			);
			defaultConfigurationIsVisible = 0;
			defaultConfigurationName = Release;
		};
/* End XCConfigurationList section */
	};
	rootObject = 95B39E2595954573BF1B2650 /* Project object */;
}
